# THIS IS AN AUTOGENERATED FILE. DO NOT EDIT THIS FILE DIRECTLY.
# yarn lockfile v1


typescript@^4.7.0-dev.20220419:
  version "4.7.0-dev.20220419"
  resolved "https://registry.yarnpkg.com/typescript/-/typescript-4.7.0-dev.20220419.tgz#c9bc57a9f4e79ee687ac60da6a2170bb3b482467"
  integrity sha512-eqezQkTMfRDsbYTW3vWImen8yasP99iykbSLr1BjF7jusxmnvfOVWzXr1zsf+0+FWufBLwpa0rpZBd8TZHWmxg==
